
Microsoft Visual Studio Solution File, Format Version 12.00
# Visual Studio Version 17
VisualStudioVersion = 17.0.31912.275
MinimumVisualStudioVersion = 10.0.40219.1
Project("{2150E333-8FDC-42A3-9474-1A3956D46DE8}") = "Solution Items", "Solution Items", "{E198BD94-A235-4A27-9E57-863F2BC21FC8}"
	ProjectSection(SolutionItems) = preProject
		HTMLPage1.html = HTMLPage1.html
	EndProjectSection
EndProject
Project("{2150E333-8FDC-42A3-9474-1A3956D46DE8}") = "dataBase", "dataBase", "{AACD0CE1-CF93-4C2D-BFEF-A6E9607A1767}"
	ProjectSection(SolutionItems) = preProject
		dataBase.php = dataBase.php
	EndProjectSection
EndProject
Global
	GlobalSection(SolutionProperties) = preSolution
		HideSolutionNode = FALSE
	EndGlobalSection
	GlobalSection(NestedProjects) = preSolution
		{AACD0CE1-CF93-4C2D-BFEF-A6E9607A1767} = {E198BD94-A235-4A27-9E57-863F2BC21FC8}
	EndGlobalSection
	GlobalSection(ExtensibilityGlobals) = postSolution
		SolutionGuid = {14EB83DB-6F04-4E05-A9E8-BF9A4FA7A542}
	EndGlobalSection
EndGlobal
